
Microsoft Visual Studio Solution File, Format Version 12.00
# Visual Studio Version 16
VisualStudioVersion = 16.0.31321.278
MinimumVisualStudioVersion = 10.0.40219.1
Project("{9A19103F-16F7-4668-BE54-9A1E7A4F7556}") = "Movies.Web", "Movies.Web\Movies.Web.csproj", "{33D841C5-6E44-48A2-9DCE-CA7ACD9148E1}"
EndProject
Project("{FAE04EC0-301F-11D3-BF4B-00C04F79EFBC}") = "Movies.Reviews", "Movies.Reviews\Movies.Reviews.csproj", "{8BE0A17B-29B5-4E86-8C63-1B83E2B63461}"
EndProject
Global
	GlobalSection(SolutionConfigurationPlatforms) = preSolution
		Debug|Any CPU = Debug|Any CPU
		Release|Any CPU = Release|Any CPU
	EndGlobalSection
	GlobalSection(ProjectConfigurationPlatforms) = postSolution
		{33D841C5-6E44-48A2-9DCE-CA7ACD9148E1}.Debug|Any CPU.ActiveCfg = Debug|Any CPU
		{33D841C5-6E44-48A2-9DCE-CA7ACD9148E1}.Debug|Any CPU.Build.0 = Debug|Any CPU
		{33D841C5-6E44-48A2-9DCE-CA7ACD9148E1}.Release|Any CPU.ActiveCfg = Release|Any CPU
		{33D841C5-6E44-48A2-9DCE-CA7ACD9148E1}.Release|Any CPU.Build.0 = Release|Any CPU
		{8BE0A17B-29B5-4E86-8C63-1B83E2B63461}.Debug|Any CPU.ActiveCfg = Debug|Any CPU
		{8BE0A17B-29B5-4E86-8C63-1B83E2B63461}.Debug|Any CPU.Build.0 = Debug|Any CPU
		{8BE0A17B-29B5-4E86-8C63-1B83E2B63461}.Release|Any CPU.ActiveCfg = Release|Any CPU
		{8BE0A17B-29B5-4E86-8C63-1B83E2B63461}.Release|Any CPU.Build.0 = Release|Any CPU
	EndGlobalSection
	GlobalSection(SolutionProperties) = preSolution
		HideSolutionNode = FALSE
	EndGlobalSection
	GlobalSection(ExtensibilityGlobals) = postSolution
		SolutionGuid = {F869C45E-D473-49B8-8922-39E22114D975}
	EndGlobalSection
EndGlobal
